// !$*UTF8*$!
{
	archiveVersion = 1;
	classes = {
	};
	objectVersion = 50;
	objects = {

/* Begin PBXBuildFile section */
		1F1C719E2477F452003F3780 /* ActiveChatCell.swift in Sources */ = {isa = PBXBuildFile; fileRef = 1F1C719D2477F452003F3780 /* ActiveChatCell.swift */; };
		1F1C71A02478039A003F3780 /* GradientView.swift in Sources */ = {isa = PBXBuildFile; fileRef = 1F1C719F2478039A003F3780 /* GradientView.swift */; };
		1F1C71A224780778003F3780 /* WaitingChatCell.swift in Sources */ = {isa = PBXBuildFile; fileRef = 1F1C71A124780778003F3780 /* WaitingChatCell.swift */; };
		1F1C71A42478087A003F3780 /* SelfConfiguringCell.swift in Sources */ = {isa = PBXBuildFile; fileRef = 1F1C71A32478087A003F3780 /* SelfConfiguringCell.swift */; };
		1F2B3BBC24755EF500632ECD /* LabeledButton.swift in Sources */ = {isa = PBXBuildFile; fileRef = 1F2B3BBB24755EF500632ECD /* LabeledButton.swift */; };
		1F2B3BBE2475647D00632ECD /* UIStackView + Initializer.swift in Sources */ = {isa = PBXBuildFile; fileRef = 1F2B3BBD2475647D00632ECD /* UIStackView + Initializer.swift */; };
		1F2B3BC02475688200632ECD /* SignUpViewController.swift in Sources */ = {isa = PBXBuildFile; fileRef = 1F2B3BBF2475688200632ECD /* SignUpViewController.swift */; };
		1F2B3BC224756F2200632ECD /* OneLineTextField.swift in Sources */ = {isa = PBXBuildFile; fileRef = 1F2B3BC124756F2200632ECD /* OneLineTextField.swift */; };
		1F2B3BC42475866000632ECD /* LoginViewController.swift in Sources */ = {isa = PBXBuildFile; fileRef = 1F2B3BC32475866000632ECD /* LoginViewController.swift */; };
		1F2B3BC62475A94F00632ECD /* SetupProfileViewController.swift in Sources */ = {isa = PBXBuildFile; fileRef = 1F2B3BC52475A94F00632ECD /* SetupProfileViewController.swift */; };
		1F2B3BC82475AB5D00632ECD /* AddPhotoView.swift in Sources */ = {isa = PBXBuildFile; fileRef = 1F2B3BC72475AB5D00632ECD /* AddPhotoView.swift */; };
		1F5C16F6247B8FD70095422D /* ProfileViewController.swift in Sources */ = {isa = PBXBuildFile; fileRef = 1F5C16F5247B8FD70095422D /* ProfileViewController.swift */; };
		1F5C16F8247B9ACC0095422D /* UIView + Corners.swift in Sources */ = {isa = PBXBuildFile; fileRef = 1F5C16F7247B9ACC0095422D /* UIView + Corners.swift */; };
		1F5C16FA247BBB960095422D /* CustomTextField.swift in Sources */ = {isa = PBXBuildFile; fileRef = 1F5C16F9247BBB960095422D /* CustomTextField.swift */; };
		1F5C16FC247BCDAF0095422D /* UIView + Gradient.swift in Sources */ = {isa = PBXBuildFile; fileRef = 1F5C16FB247BCDAF0095422D /* UIView + Gradient.swift */; };
		1F5C16FE247BD60E0095422D /* ChatRequestViewController.swift in Sources */ = {isa = PBXBuildFile; fileRef = 1F5C16FD247BD60E0095422D /* ChatRequestViewController.swift */; };
		1F632FEB2476B77B00C53929 /* UISegmentedControl + Initializer.swift in Sources */ = {isa = PBXBuildFile; fileRef = 1F632FEA2476B77B00C53929 /* UISegmentedControl + Initializer.swift */; };
		1F632FF12476C16000C53929 /* MainTabBarController.swift in Sources */ = {isa = PBXBuildFile; fileRef = 1F632FF02476C16000C53929 /* MainTabBarController.swift */; };
		1F632FF32476C19C00C53929 /* PeopleViewController.swift in Sources */ = {isa = PBXBuildFile; fileRef = 1F632FF22476C19C00C53929 /* PeopleViewController.swift */; };
		1F632FF52476C1F600C53929 /* ConversationsViewController.swift in Sources */ = {isa = PBXBuildFile; fileRef = 1F632FF42476C1F600C53929 /* ConversationsViewController.swift */; };
		1F6B639B247BFBCC002A4DB9 /* GoogleService-Info.plist in Resources */ = {isa = PBXBuildFile; fileRef = 1F6B639A247BFBCC002A4DB9 /* GoogleService-Info.plist */; };
		1F8B27E2247EC28B0037A511 /* AuthService.swift in Sources */ = {isa = PBXBuildFile; fileRef = 1F8B27E1247EC28B0037A511 /* AuthService.swift */; };
		1F8B27E4247EEF140037A511 /* Validators.swift in Sources */ = {isa = PBXBuildFile; fileRef = 1F8B27E3247EEF140037A511 /* Validators.swift */; };
		1F8B27E6247EF4400037A511 /* AuthError.swift in Sources */ = {isa = PBXBuildFile; fileRef = 1F8B27E5247EF4400037A511 /* AuthError.swift */; };
		1FA161932476FDCE002906C3 /* activeChats.json in Resources */ = {isa = PBXBuildFile; fileRef = 1FA161912476FDCE002906C3 /* activeChats.json */; };
		1FA161942476FDCE002906C3 /* waitingChats.json in Resources */ = {isa = PBXBuildFile; fileRef = 1FA161922476FDCE002906C3 /* waitingChats.json */; };
		1FA161962476FE44002906C3 /* Bundle-Decodable.swift in Sources */ = {isa = PBXBuildFile; fileRef = 1FA161952476FE44002906C3 /* Bundle-Decodable.swift */; };
		1FAFF8D7247AA34B00F967FA /* SectionHeader.swift in Sources */ = {isa = PBXBuildFile; fileRef = 1FAFF8D6247AA34B00F967FA /* SectionHeader.swift */; };
		1FC6874B247FC91700682AD9 /* UIView + Alert.swift in Sources */ = {isa = PBXBuildFile; fileRef = 1FC6874A247FC91700682AD9 /* UIView + Alert.swift */; };
		1FC6874D247FCA9000682AD9 /* AuthNavigationDelegate.swift in Sources */ = {isa = PBXBuildFile; fileRef = 1FC6874C247FCA9000682AD9 /* AuthNavigationDelegate.swift */; };
		1FE027F824780A6F00F19FA0 /* ChatPreview.swift in Sources */ = {isa = PBXBuildFile; fileRef = 1FE027F724780A6F00F19FA0 /* ChatPreview.swift */; };
		1FFCABC724752B74008A1E7B /* AppDelegate.swift in Sources */ = {isa = PBXBuildFile; fileRef = 1FFCABC624752B74008A1E7B /* AppDelegate.swift */; };
		1FFCABC924752B74008A1E7B /* SceneDelegate.swift in Sources */ = {isa = PBXBuildFile; fileRef = 1FFCABC824752B74008A1E7B /* SceneDelegate.swift */; };
		1FFCABCB24752B74008A1E7B /* AuthViewController.swift in Sources */ = {isa = PBXBuildFile; fileRef = 1FFCABCA24752B74008A1E7B /* AuthViewController.swift */; };
		1FFCABD024752B76008A1E7B /* Assets.xcassets in Resources */ = {isa = PBXBuildFile; fileRef = 1FFCABCF24752B76008A1E7B /* Assets.xcassets */; };
		1FFCABD324752B76008A1E7B /* LaunchScreen.storyboard in Resources */ = {isa = PBXBuildFile; fileRef = 1FFCABD124752B76008A1E7B /* LaunchScreen.storyboard */; };
		1FFCABE124754C9B008A1E7B /* UILabel + Initializer.swift in Sources */ = {isa = PBXBuildFile; fileRef = 1FFCABDC24754C9B008A1E7B /* UILabel + Initializer.swift */; };
		1FFCABE224754C9B008A1E7B /* UIButton + Initializer.swift in Sources */ = {isa = PBXBuildFile; fileRef = 1FFCABDD24754C9B008A1E7B /* UIButton + Initializer.swift */; };
		1FFCABE324754C9B008A1E7B /* UIColor + Extension.swift in Sources */ = {isa = PBXBuildFile; fileRef = 1FFCABDE24754C9B008A1E7B /* UIColor + Extension.swift */; };
		1FFCABE424754C9B008A1E7B /* UIFont + Fonts.swift in Sources */ = {isa = PBXBuildFile; fileRef = 1FFCABDF24754C9B008A1E7B /* UIFont + Fonts.swift */; };
		1FFCABE524754C9B008A1E7B /* UIImageView + Extension.swift in Sources */ = {isa = PBXBuildFile; fileRef = 1FFCABE024754C9B008A1E7B /* UIImageView + Extension.swift */; };
		1FFCABE924755A2E008A1E7B /* UIColor + HexValue.swift in Sources */ = {isa = PBXBuildFile; fileRef = 1FFCABE824755A2E008A1E7B /* UIColor + HexValue.swift */; };
		1FFD08A1247ADF8E00535591 /* users.json in Resources */ = {isa = PBXBuildFile; fileRef = 1FFD08A0247ADF8E00535591 /* users.json */; };
		1FFD08A3247ADFE000535591 /* UserModel.swift in Sources */ = {isa = PBXBuildFile; fileRef = 1FFD08A2247ADFE000535591 /* UserModel.swift */; };
		34B89E551293953AFACA6222 /* libPods-iChat.a in Frameworks */ = {isa = PBXBuildFile; fileRef = 3131C073F244DFD4C25DC81B /* libPods-iChat.a */; };
/* End PBXBuildFile section */

/* Begin PBXFileReference section */
		1F1C719D2477F452003F3780 /* ActiveChatCell.swift */ = {isa = PBXFileReference; lastKnownFileType = sourcecode.swift; path = ActiveChatCell.swift; sourceTree = "<group>"; };
		1F1C719F2478039A003F3780 /* GradientView.swift */ = {isa = PBXFileReference; lastKnownFileType = sourcecode.swift; path = GradientView.swift; sourceTree = "<group>"; };
		1F1C71A124780778003F3780 /* WaitingChatCell.swift */ = {isa = PBXFileReference; lastKnownFileType = sourcecode.swift; path = WaitingChatCell.swift; sourceTree = "<group>"; };
		1F1C71A32478087A003F3780 /* SelfConfiguringCell.swift */ = {isa = PBXFileReference; lastKnownFileType = sourcecode.swift; path = SelfConfiguringCell.swift; sourceTree = "<group>"; };
		1F2B3BBB24755EF500632ECD /* LabeledButton.swift */ = {isa = PBXFileReference; lastKnownFileType = sourcecode.swift; path = LabeledButton.swift; sourceTree = "<group>"; };
		1F2B3BBD2475647D00632ECD /* UIStackView + Initializer.swift */ = {isa = PBXFileReference; lastKnownFileType = sourcecode.swift; path = "UIStackView + Initializer.swift"; sourceTree = "<group>"; };
		1F2B3BBF2475688200632ECD /* SignUpViewController.swift */ = {isa = PBXFileReference; lastKnownFileType = sourcecode.swift; path = SignUpViewController.swift; sourceTree = "<group>"; };
		1F2B3BC124756F2200632ECD /* OneLineTextField.swift */ = {isa = PBXFileReference; lastKnownFileType = sourcecode.swift; path = OneLineTextField.swift; sourceTree = "<group>"; };
		1F2B3BC32475866000632ECD /* LoginViewController.swift */ = {isa = PBXFileReference; lastKnownFileType = sourcecode.swift; path = LoginViewController.swift; sourceTree = "<group>"; };
		1F2B3BC52475A94F00632ECD /* SetupProfileViewController.swift */ = {isa = PBXFileReference; lastKnownFileType = sourcecode.swift; path = SetupProfileViewController.swift; sourceTree = "<group>"; };
		1F2B3BC72475AB5D00632ECD /* AddPhotoView.swift */ = {isa = PBXFileReference; lastKnownFileType = sourcecode.swift; path = AddPhotoView.swift; sourceTree = "<group>"; };
		1F5C16F5247B8FD70095422D /* ProfileViewController.swift */ = {isa = PBXFileReference; lastKnownFileType = sourcecode.swift; path = ProfileViewController.swift; sourceTree = "<group>"; };
		1F5C16F7247B9ACC0095422D /* UIView + Corners.swift */ = {isa = PBXFileReference; lastKnownFileType = sourcecode.swift; path = "UIView + Corners.swift"; sourceTree = "<group>"; };
		1F5C16F9247BBB960095422D /* CustomTextField.swift */ = {isa = PBXFileReference; lastKnownFileType = sourcecode.swift; path = CustomTextField.swift; sourceTree = "<group>"; };
		1F5C16FB247BCDAF0095422D /* UIView + Gradient.swift */ = {isa = PBXFileReference; lastKnownFileType = sourcecode.swift; path = "UIView + Gradient.swift"; sourceTree = "<group>"; };
		1F5C16FD247BD60E0095422D /* ChatRequestViewController.swift */ = {isa = PBXFileReference; lastKnownFileType = sourcecode.swift; path = ChatRequestViewController.swift; sourceTree = "<group>"; };
		1F632FEA2476B77B00C53929 /* UISegmentedControl + Initializer.swift */ = {isa = PBXFileReference; lastKnownFileType = sourcecode.swift; path = "UISegmentedControl + Initializer.swift"; sourceTree = "<group>"; };
		1F632FF02476C16000C53929 /* MainTabBarController.swift */ = {isa = PBXFileReference; lastKnownFileType = sourcecode.swift; path = MainTabBarController.swift; sourceTree = "<group>"; };
		1F632FF22476C19C00C53929 /* PeopleViewController.swift */ = {isa = PBXFileReference; lastKnownFileType = sourcecode.swift; path = PeopleViewController.swift; sourceTree = "<group>"; };
		1F632FF42476C1F600C53929 /* ConversationsViewController.swift */ = {isa = PBXFileReference; lastKnownFileType = sourcecode.swift; path = ConversationsViewController.swift; sourceTree = "<group>"; };
		1F6B639A247BFBCC002A4DB9 /* GoogleService-Info.plist */ = {isa = PBXFileReference; fileEncoding = 4; lastKnownFileType = text.plist.xml; path = "GoogleService-Info.plist"; sourceTree = "<group>"; };
		1F8B27E1247EC28B0037A511 /* AuthService.swift */ = {isa = PBXFileReference; lastKnownFileType = sourcecode.swift; path = AuthService.swift; sourceTree = "<group>"; };
		1F8B27E3247EEF140037A511 /* Validators.swift */ = {isa = PBXFileReference; lastKnownFileType = sourcecode.swift; path = Validators.swift; sourceTree = "<group>"; };
		1F8B27E5247EF4400037A511 /* AuthError.swift */ = {isa = PBXFileReference; lastKnownFileType = sourcecode.swift; path = AuthError.swift; sourceTree = "<group>"; };
		1FA161912476FDCE002906C3 /* activeChats.json */ = {isa = PBXFileReference; fileEncoding = 4; lastKnownFileType = text.json; path = activeChats.json; sourceTree = "<group>"; };
		1FA161922476FDCE002906C3 /* waitingChats.json */ = {isa = PBXFileReference; fileEncoding = 4; lastKnownFileType = text.json; path = waitingChats.json; sourceTree = "<group>"; };
		1FA161952476FE44002906C3 /* Bundle-Decodable.swift */ = {isa = PBXFileReference; fileEncoding = 4; lastKnownFileType = sourcecode.swift; path = "Bundle-Decodable.swift"; sourceTree = "<group>"; };
		1FAFF8D6247AA34B00F967FA /* SectionHeader.swift */ = {isa = PBXFileReference; lastKnownFileType = sourcecode.swift; path = SectionHeader.swift; sourceTree = "<group>"; };
		1FC6874A247FC91700682AD9 /* UIView + Alert.swift */ = {isa = PBXFileReference; lastKnownFileType = sourcecode.swift; path = "UIView + Alert.swift"; sourceTree = "<group>"; };
		1FC6874C247FCA9000682AD9 /* AuthNavigationDelegate.swift */ = {isa = PBXFileReference; lastKnownFileType = sourcecode.swift; path = AuthNavigationDelegate.swift; sourceTree = "<group>"; };
		1FE027F724780A6F00F19FA0 /* ChatPreview.swift */ = {isa = PBXFileReference; lastKnownFileType = sourcecode.swift; path = ChatPreview.swift; sourceTree = "<group>"; };
		1FFCABC324752B74008A1E7B /* iChat.app */ = {isa = PBXFileReference; explicitFileType = wrapper.application; includeInIndex = 0; path = iChat.app; sourceTree = BUILT_PRODUCTS_DIR; };
		1FFCABC624752B74008A1E7B /* AppDelegate.swift */ = {isa = PBXFileReference; lastKnownFileType = sourcecode.swift; path = AppDelegate.swift; sourceTree = "<group>"; };
		1FFCABC824752B74008A1E7B /* SceneDelegate.swift */ = {isa = PBXFileReference; lastKnownFileType = sourcecode.swift; path = SceneDelegate.swift; sourceTree = "<group>"; };
		1FFCABCA24752B74008A1E7B /* AuthViewController.swift */ = {isa = PBXFileReference; lastKnownFileType = sourcecode.swift; path = AuthViewController.swift; sourceTree = "<group>"; };
		1FFCABCF24752B76008A1E7B /* Assets.xcassets */ = {isa = PBXFileReference; lastKnownFileType = folder.assetcatalog; path = Assets.xcassets; sourceTree = "<group>"; };
		1FFCABD224752B76008A1E7B /* Base */ = {isa = PBXFileReference; lastKnownFileType = file.storyboard; name = Base; path = Base.lproj/LaunchScreen.storyboard; sourceTree = "<group>"; };
		1FFCABD424752B76008A1E7B /* Info.plist */ = {isa = PBXFileReference; lastKnownFileType = text.plist.xml; path = Info.plist; sourceTree = "<group>"; };
		1FFCABDC24754C9B008A1E7B /* UILabel + Initializer.swift */ = {isa = PBXFileReference; fileEncoding = 4; lastKnownFileType = sourcecode.swift; path = "UILabel + Initializer.swift"; sourceTree = "<group>"; };
		1FFCABDD24754C9B008A1E7B /* UIButton + Initializer.swift */ = {isa = PBXFileReference; fileEncoding = 4; lastKnownFileType = sourcecode.swift; path = "UIButton + Initializer.swift"; sourceTree = "<group>"; };
		1FFCABDE24754C9B008A1E7B /* UIColor + Extension.swift */ = {isa = PBXFileReference; fileEncoding = 4; lastKnownFileType = sourcecode.swift; path = "UIColor + Extension.swift"; sourceTree = "<group>"; };
		1FFCABDF24754C9B008A1E7B /* UIFont + Fonts.swift */ = {isa = PBXFileReference; fileEncoding = 4; lastKnownFileType = sourcecode.swift; path = "UIFont + Fonts.swift"; sourceTree = "<group>"; };
		1FFCABE024754C9B008A1E7B /* UIImageView + Extension.swift */ = {isa = PBXFileReference; fileEncoding = 4; lastKnownFileType = sourcecode.swift; path = "UIImageView + Extension.swift"; sourceTree = "<group>"; };
		1FFCABE824755A2E008A1E7B /* UIColor + HexValue.swift */ = {isa = PBXFileReference; fileEncoding = 4; lastKnownFileType = sourcecode.swift; path = "UIColor + HexValue.swift"; sourceTree = "<group>"; };
		1FFD08A0247ADF8E00535591 /* users.json */ = {isa = PBXFileReference; fileEncoding = 4; lastKnownFileType = text.json; path = users.json; sourceTree = "<group>"; };
		1FFD08A2247ADFE000535591 /* UserModel.swift */ = {isa = PBXFileReference; lastKnownFileType = sourcecode.swift; path = UserModel.swift; sourceTree = "<group>"; };
		3131C073F244DFD4C25DC81B /* libPods-iChat.a */ = {isa = PBXFileReference; explicitFileType = archive.ar; includeInIndex = 0; path = "libPods-iChat.a"; sourceTree = BUILT_PRODUCTS_DIR; };
		50C880693D413F84B57D4855 /* Pods-iChat.debug.xcconfig */ = {isa = PBXFileReference; includeInIndex = 1; lastKnownFileType = text.xcconfig; name = "Pods-iChat.debug.xcconfig"; path = "Target Support Files/Pods-iChat/Pods-iChat.debug.xcconfig"; sourceTree = "<group>"; };
		D1EEF2704DDE38FA3678358D /* Pods-iChat.release.xcconfig */ = {isa = PBXFileReference; includeInIndex = 1; lastKnownFileType = text.xcconfig; name = "Pods-iChat.release.xcconfig"; path = "Target Support Files/Pods-iChat/Pods-iChat.release.xcconfig"; sourceTree = "<group>"; };
/* End PBXFileReference section */

/* Begin PBXFrameworksBuildPhase section */
		1FFCABC024752B74008A1E7B /* Frameworks */ = {
			isa = PBXFrameworksBuildPhase;
			buildActionMask = 2147483647;
			files = (
				34B89E551293953AFACA6222 /* libPods-iChat.a in Frameworks */,
			);
			runOnlyForDeploymentPostprocessing = 0;
		};
/* End PBXFrameworksBuildPhase section */

/* Begin PBXGroup section */
		1F1C719C2477F433003F3780 /* Cell */ = {
			isa = PBXGroup;
			children = (
				1F1C719D2477F452003F3780 /* ActiveChatCell.swift */,
				1F1C71A124780778003F3780 /* WaitingChatCell.swift */,
			);
			path = Cell;
			sourceTree = "<group>";
		};
		1F1C71A52478090C003F3780 /* Models */ = {
			isa = PBXGroup;
			children = (
				1F1C71A32478087A003F3780 /* SelfConfiguringCell.swift */,
				1FE027F724780A6F00F19FA0 /* ChatPreview.swift */,
				1FFD08A2247ADFE000535591 /* UserModel.swift */,
				1F8B27E5247EF4400037A511 /* AuthError.swift */,
				1FC6874C247FCA9000682AD9 /* AuthNavigationDelegate.swift */,
			);
			path = Models;
			sourceTree = "<group>";
		};
		1F632FEC2476C06100C53929 /* SignIn&Auth */ = {
			isa = PBXGroup;
			children = (
				1FFCABCA24752B74008A1E7B /* AuthViewController.swift */,
				1F2B3BBF2475688200632ECD /* SignUpViewController.swift */,
				1F2B3BC32475866000632ECD /* LoginViewController.swift */,
				1F2B3BC52475A94F00632ECD /* SetupProfileViewController.swift */,
			);
			path = "SignIn&Auth";
			sourceTree = "<group>";
		};
		1F632FED2476C12600C53929 /* Supporting Files */ = {
			isa = PBXGroup;
			children = (
				1FFCABC624752B74008A1E7B /* AppDelegate.swift */,
				1FFCABC824752B74008A1E7B /* SceneDelegate.swift */,
				1FFCABCF24752B76008A1E7B /* Assets.xcassets */,
				1FFCABD124752B76008A1E7B /* LaunchScreen.storyboard */,
				1FFCABD424752B76008A1E7B /* Info.plist */,
				1F6B639A247BFBCC002A4DB9 /* GoogleService-Info.plist */,
				1FA161912476FDCE002906C3 /* activeChats.json */,
				1FA161922476FDCE002906C3 /* waitingChats.json */,
				1FFD08A0247ADF8E00535591 /* users.json */,
			);
			path = "Supporting Files";
			sourceTree = "<group>";
		};
		1F632FEE2476C13700C53929 /* Custom Views */ = {
			isa = PBXGroup;
			children = (
				1F2B3BC72475AB5D00632ECD /* AddPhotoView.swift */,
				1F2B3BBB24755EF500632ECD /* LabeledButton.swift */,
				1F2B3BC124756F2200632ECD /* OneLineTextField.swift */,
				1F1C719F2478039A003F3780 /* GradientView.swift */,
				1F5C16F9247BBB960095422D /* CustomTextField.swift */,
			);
			path = "Custom Views";
			sourceTree = "<group>";
		};
		1F632FEF2476C14300C53929 /* Controllers */ = {
			isa = PBXGroup;
			children = (
				1FFD089F247ADF3B00535591 /* Header */,
				1F1C719C2477F433003F3780 /* Cell */,
				1F632FF02476C16000C53929 /* MainTabBarController.swift */,
				1F632FF22476C19C00C53929 /* PeopleViewController.swift */,
				1F632FF42476C1F600C53929 /* ConversationsViewController.swift */,
				1F5C16F5247B8FD70095422D /* ProfileViewController.swift */,
				1F5C16FD247BD60E0095422D /* ChatRequestViewController.swift */,
			);
			path = Controllers;
			sourceTree = "<group>";
		};
		1F8B27E0247EC2650037A511 /* Services */ = {
			isa = PBXGroup;
			children = (
				1F8B27E1247EC28B0037A511 /* AuthService.swift */,
				1F8B27E3247EEF140037A511 /* Validators.swift */,
			);
			path = Services;
			sourceTree = "<group>";
		};
		1FFCABBA24752B74008A1E7B = {
			isa = PBXGroup;
			children = (
				1FFCABC524752B74008A1E7B /* iChat */,
				1FFCABC424752B74008A1E7B /* Products */,
				538AC0139002207C4553410C /* Pods */,
				C9C71C844C556566463A4C61 /* Frameworks */,
			);
			sourceTree = "<group>";
		};
		1FFCABC424752B74008A1E7B /* Products */ = {
			isa = PBXGroup;
			children = (
				1FFCABC324752B74008A1E7B /* iChat.app */,
			);
			name = Products;
			sourceTree = "<group>";
		};
		1FFCABC524752B74008A1E7B /* iChat */ = {
			isa = PBXGroup;
			children = (
				1F632FEF2476C14300C53929 /* Controllers */,
				1F632FEC2476C06100C53929 /* SignIn&Auth */,
				1F8B27E0247EC2650037A511 /* Services */,
				1F632FEE2476C13700C53929 /* Custom Views */,
				1F632FED2476C12600C53929 /* Supporting Files */,
				1F1C71A52478090C003F3780 /* Models */,
				1FFCABE72475598A008A1E7B /* Extensions */,
			);
			path = iChat;
			sourceTree = "<group>";
		};
		1FFCABE62475597E008A1E7B /* UIKit */ = {
			isa = PBXGroup;
			children = (
				1FFCABDC24754C9B008A1E7B /* UILabel + Initializer.swift */,
				1FFCABDD24754C9B008A1E7B /* UIButton + Initializer.swift */,
				1FFCABE824755A2E008A1E7B /* UIColor + HexValue.swift */,
				1FFCABDE24754C9B008A1E7B /* UIColor + Extension.swift */,
				1FFCABDF24754C9B008A1E7B /* UIFont + Fonts.swift */,
				1FFCABE024754C9B008A1E7B /* UIImageView + Extension.swift */,
				1F2B3BBD2475647D00632ECD /* UIStackView + Initializer.swift */,
				1F632FEA2476B77B00C53929 /* UISegmentedControl + Initializer.swift */,
				1F5C16F7247B9ACC0095422D /* UIView + Corners.swift */,
				1F5C16FB247BCDAF0095422D /* UIView + Gradient.swift */,
				1FC6874A247FC91700682AD9 /* UIView + Alert.swift */,
			);
			path = UIKit;
			sourceTree = "<group>";
		};
		1FFCABE72475598A008A1E7B /* Extensions */ = {
			isa = PBXGroup;
			children = (
				1FA161952476FE44002906C3 /* Bundle-Decodable.swift */,
				1FFCABE62475597E008A1E7B /* UIKit */,
			);
			path = Extensions;
			sourceTree = "<group>";
		};
		1FFD089F247ADF3B00535591 /* Header */ = {
			isa = PBXGroup;
			children = (
				1FAFF8D6247AA34B00F967FA /* SectionHeader.swift */,
			);
			path = Header;
			sourceTree = "<group>";
		};
		538AC0139002207C4553410C /* Pods */ = {
			isa = PBXGroup;
			children = (
				50C880693D413F84B57D4855 /* Pods-iChat.debug.xcconfig */,
				D1EEF2704DDE38FA3678358D /* Pods-iChat.release.xcconfig */,
			);
			path = Pods;
			sourceTree = "<group>";
		};
		C9C71C844C556566463A4C61 /* Frameworks */ = {
			isa = PBXGroup;
			children = (
				3131C073F244DFD4C25DC81B /* libPods-iChat.a */,
			);
			name = Frameworks;
			sourceTree = "<group>";
		};
/* End PBXGroup section */

/* Begin PBXNativeTarget section */
		1FFCABC224752B74008A1E7B /* iChat */ = {
			isa = PBXNativeTarget;
			buildConfigurationList = 1FFCABD724752B76008A1E7B /* Build configuration list for PBXNativeTarget "iChat" */;
			buildPhases = (
				DE4E53F3DFF0BDA50F20A7E8 /* [CP] Check Pods Manifest.lock */,
				1FFCABBF24752B74008A1E7B /* Sources */,
				1FFCABC024752B74008A1E7B /* Frameworks */,
				1FFCABC124752B74008A1E7B /* Resources */,
			);
			buildRules = (
			);
			dependencies = (
			);
			name = iChat;
			productName = iChat;
			productReference = 1FFCABC324752B74008A1E7B /* iChat.app */;
			productType = "com.apple.product-type.application";
		};
/* End PBXNativeTarget section */

/* Begin PBXProject section */
		1FFCABBB24752B74008A1E7B /* Project object */ = {
			isa = PBXProject;
			attributes = {
				LastSwiftUpdateCheck = 1140;
				LastUpgradeCheck = 1140;
				ORGANIZATIONNAME = "Александр Цветков";
				TargetAttributes = {
					1FFCABC224752B74008A1E7B = {
						CreatedOnToolsVersion = 11.4.1;
					};
				};
			};
			buildConfigurationList = 1FFCABBE24752B74008A1E7B /* Build configuration list for PBXProject "iChat" */;
			compatibilityVersion = "Xcode 9.3";
			developmentRegion = en;
			hasScannedForEncodings = 0;
			knownRegions = (
				en,
				Base,
			);
			mainGroup = 1FFCABBA24752B74008A1E7B;
			productRefGroup = 1FFCABC424752B74008A1E7B /* Products */;
			projectDirPath = "";
			projectRoot = "";
			targets = (
				1FFCABC224752B74008A1E7B /* iChat */,
			);
		};
/* End PBXProject section */

/* Begin PBXResourcesBuildPhase section */
		1FFCABC124752B74008A1E7B /* Resources */ = {
			isa = PBXResourcesBuildPhase;
			buildActionMask = 2147483647;
			files = (
				1FFD08A1247ADF8E00535591 /* users.json in Resources */,
				1FFCABD324752B76008A1E7B /* LaunchScreen.storyboard in Resources */,
				1FA161932476FDCE002906C3 /* activeChats.json in Resources */,
				1FFCABD024752B76008A1E7B /* Assets.xcassets in Resources */,
				1FA161942476FDCE002906C3 /* waitingChats.json in Resources */,
				1F6B639B247BFBCC002A4DB9 /* GoogleService-Info.plist in Resources */,
			);
			runOnlyForDeploymentPostprocessing = 0;
		};
/* End PBXResourcesBuildPhase section */

/* Begin PBXShellScriptBuildPhase section */
		DE4E53F3DFF0BDA50F20A7E8 /* [CP] Check Pods Manifest.lock */ = {
			isa = PBXShellScriptBuildPhase;
			buildActionMask = 2147483647;
			files = (
			);
			inputFileListPaths = (
			);
			inputPaths = (
				"${PODS_PODFILE_DIR_PATH}/Podfile.lock",
				"${PODS_ROOT}/Manifest.lock",
			);
			name = "[CP] Check Pods Manifest.lock";
			outputFileListPaths = (
			);
			outputPaths = (
				"$(DERIVED_FILE_DIR)/Pods-iChat-checkManifestLockResult.txt",
			);
			runOnlyForDeploymentPostprocessing = 0;
			shellPath = /bin/sh;
			shellScript = "diff \"${PODS_PODFILE_DIR_PATH}/Podfile.lock\" \"${PODS_ROOT}/Manifest.lock\" > /dev/null\nif [ $? != 0 ] ; then\n    # print error to STDERR\n    echo \"error: The sandbox is not in sync with the Podfile.lock. Run 'pod install' or update your CocoaPods installation.\" >&2\n    exit 1\nfi\n# This output is used by Xcode 'outputs' to avoid re-running this script phase.\necho \"SUCCESS\" > \"${SCRIPT_OUTPUT_FILE_0}\"\n";
			showEnvVarsInLog = 0;
		};
/* End PBXShellScriptBuildPhase section */

/* Begin PBXSourcesBuildPhase section */
		1FFCABBF24752B74008A1E7B /* Sources */ = {
			isa = PBXSourcesBuildPhase;
			buildActionMask = 2147483647;
			files = (
				1F2B3BC42475866000632ECD /* LoginViewController.swift in Sources */,
				1F1C71A02478039A003F3780 /* GradientView.swift in Sources */,
				1F1C71A42478087A003F3780 /* SelfConfiguringCell.swift in Sources */,
				1FFCABE224754C9B008A1E7B /* UIButton + Initializer.swift in Sources */,
				1F5C16FC247BCDAF0095422D /* UIView + Gradient.swift in Sources */,
				1F632FF12476C16000C53929 /* MainTabBarController.swift in Sources */,
				1F8B27E6247EF4400037A511 /* AuthError.swift in Sources */,
				1FAFF8D7247AA34B00F967FA /* SectionHeader.swift in Sources */,
				1FFCABCB24752B74008A1E7B /* AuthViewController.swift in Sources */,
				1F8B27E4247EEF140037A511 /* Validators.swift in Sources */,
				1F5C16F8247B9ACC0095422D /* UIView + Corners.swift in Sources */,
				1F2B3BC62475A94F00632ECD /* SetupProfileViewController.swift in Sources */,
				1FC6874D247FCA9000682AD9 /* AuthNavigationDelegate.swift in Sources */,
				1FA161962476FE44002906C3 /* Bundle-Decodable.swift in Sources */,
				1F632FF32476C19C00C53929 /* PeopleViewController.swift in Sources */,
				1FFCABC724752B74008A1E7B /* AppDelegate.swift in Sources */,
				1F2B3BBE2475647D00632ECD /* UIStackView + Initializer.swift in Sources */,
				1F2B3BBC24755EF500632ECD /* LabeledButton.swift in Sources */,
				1F5C16FE247BD60E0095422D /* ChatRequestViewController.swift in Sources */,
				1F5C16F6247B8FD70095422D /* ProfileViewController.swift in Sources */,
				1FFCABE324754C9B008A1E7B /* UIColor + Extension.swift in Sources */,
				1F2B3BC02475688200632ECD /* SignUpViewController.swift in Sources */,
				1F632FEB2476B77B00C53929 /* UISegmentedControl + Initializer.swift in Sources */,
				1F5C16FA247BBB960095422D /* CustomTextField.swift in Sources */,
				1FFCABE524754C9B008A1E7B /* UIImageView + Extension.swift in Sources */,
				1FFCABE124754C9B008A1E7B /* UILabel + Initializer.swift in Sources */,
				1FC6874B247FC91700682AD9 /* UIView + Alert.swift in Sources */,
				1FFCABE424754C9B008A1E7B /* UIFont + Fonts.swift in Sources */,
				1FFCABE924755A2E008A1E7B /* UIColor + HexValue.swift in Sources */,
				1F2B3BC224756F2200632ECD /* OneLineTextField.swift in Sources */,
				1FE027F824780A6F00F19FA0 /* ChatPreview.swift in Sources */,
				1FFD08A3247ADFE000535591 /* UserModel.swift in Sources */,
				1F1C71A224780778003F3780 /* WaitingChatCell.swift in Sources */,
				1FFCABC924752B74008A1E7B /* SceneDelegate.swift in Sources */,
				1F1C719E2477F452003F3780 /* ActiveChatCell.swift in Sources */,
				1F8B27E2247EC28B0037A511 /* AuthService.swift in Sources */,
				1F632FF52476C1F600C53929 /* ConversationsViewController.swift in Sources */,
				1F2B3BC82475AB5D00632ECD /* AddPhotoView.swift in Sources */,
			);
			runOnlyForDeploymentPostprocessing = 0;
		};
/* End PBXSourcesBuildPhase section */

/* Begin PBXVariantGroup section */
		1FFCABD124752B76008A1E7B /* LaunchScreen.storyboard */ = {
			isa = PBXVariantGroup;
			children = (
				1FFCABD224752B76008A1E7B /* Base */,
			);
			name = LaunchScreen.storyboard;
			sourceTree = "<group>";
		};
/* End PBXVariantGroup section */

/* Begin XCBuildConfiguration section */
		1FFCABD524752B76008A1E7B /* Debug */ = {
			isa = XCBuildConfiguration;
			buildSettings = {
				ALWAYS_SEARCH_USER_PATHS = NO;
				CLANG_ANALYZER_NONNULL = YES;
				CLANG_ANALYZER_NUMBER_OBJECT_CONVERSION = YES_AGGRESSIVE;
				CLANG_CXX_LANGUAGE_STANDARD = "gnu++14";
				CLANG_CXX_LIBRARY = "libc++";
				CLANG_ENABLE_MODULES = YES;
				CLANG_ENABLE_OBJC_ARC = YES;
				CLANG_ENABLE_OBJC_WEAK = YES;
				CLANG_WARN_BLOCK_CAPTURE_AUTORELEASING = YES;
				CLANG_WARN_BOOL_CONVERSION = YES;
				CLANG_WARN_COMMA = YES;
				CLANG_WARN_CONSTANT_CONVERSION = YES;
				CLANG_WARN_DEPRECATED_OBJC_IMPLEMENTATIONS = YES;
				CLANG_WARN_DIRECT_OBJC_ISA_USAGE = YES_ERROR;
				CLANG_WARN_DOCUMENTATION_COMMENTS = YES;
				CLANG_WARN_EMPTY_BODY = YES;
				CLANG_WARN_ENUM_CONVERSION = YES;
				CLANG_WARN_INFINITE_RECURSION = YES;
				CLANG_WARN_INT_CONVERSION = YES;
				CLANG_WARN_NON_LITERAL_NULL_CONVERSION = YES;
				CLANG_WARN_OBJC_IMPLICIT_RETAIN_SELF = YES;
				CLANG_WARN_OBJC_LITERAL_CONVERSION = YES;
				CLANG_WARN_OBJC_ROOT_CLASS = YES_ERROR;
				CLANG_WARN_RANGE_LOOP_ANALYSIS = YES;
				CLANG_WARN_STRICT_PROTOTYPES = YES;
				CLANG_WARN_SUSPICIOUS_MOVE = YES;
				CLANG_WARN_UNGUARDED_AVAILABILITY = YES_AGGRESSIVE;
				CLANG_WARN_UNREACHABLE_CODE = YES;
				CLANG_WARN__DUPLICATE_METHOD_MATCH = YES;
				COPY_PHASE_STRIP = NO;
				DEBUG_INFORMATION_FORMAT = dwarf;
				ENABLE_STRICT_OBJC_MSGSEND = YES;
				ENABLE_TESTABILITY = YES;
				GCC_C_LANGUAGE_STANDARD = gnu11;
				GCC_DYNAMIC_NO_PIC = NO;
				GCC_NO_COMMON_BLOCKS = YES;
				GCC_OPTIMIZATION_LEVEL = 0;
				GCC_PREPROCESSOR_DEFINITIONS = (
					"DEBUG=1",
					"$(inherited)",
				);
				GCC_WARN_64_TO_32_BIT_CONVERSION = YES;
				GCC_WARN_ABOUT_RETURN_TYPE = YES_ERROR;
				GCC_WARN_UNDECLARED_SELECTOR = YES;
				GCC_WARN_UNINITIALIZED_AUTOS = YES_AGGRESSIVE;
				GCC_WARN_UNUSED_FUNCTION = YES;
				GCC_WARN_UNUSED_VARIABLE = YES;
				IPHONEOS_DEPLOYMENT_TARGET = 13.4;
				MTL_ENABLE_DEBUG_INFO = INCLUDE_SOURCE;
				MTL_FAST_MATH = YES;
				ONLY_ACTIVE_ARCH = YES;
				SDKROOT = iphoneos;
				SWIFT_ACTIVE_COMPILATION_CONDITIONS = DEBUG;
				SWIFT_OPTIMIZATION_LEVEL = "-Onone";
			};
			name = Debug;
		};
		1FFCABD624752B76008A1E7B /* Release */ = {
			isa = XCBuildConfiguration;
			buildSettings = {
				ALWAYS_SEARCH_USER_PATHS = NO;
				CLANG_ANALYZER_NONNULL = YES;
				CLANG_ANALYZER_NUMBER_OBJECT_CONVERSION = YES_AGGRESSIVE;
				CLANG_CXX_LANGUAGE_STANDARD = "gnu++14";
				CLANG_CXX_LIBRARY = "libc++";
				CLANG_ENABLE_MODULES = YES;
				CLANG_ENABLE_OBJC_ARC = YES;
				CLANG_ENABLE_OBJC_WEAK = YES;
				CLANG_WARN_BLOCK_CAPTURE_AUTORELEASING = YES;
				CLANG_WARN_BOOL_CONVERSION = YES;
				CLANG_WARN_COMMA = YES;
				CLANG_WARN_CONSTANT_CONVERSION = YES;
				CLANG_WARN_DEPRECATED_OBJC_IMPLEMENTATIONS = YES;
				CLANG_WARN_DIRECT_OBJC_ISA_USAGE = YES_ERROR;
				CLANG_WARN_DOCUMENTATION_COMMENTS = YES;
				CLANG_WARN_EMPTY_BODY = YES;
				CLANG_WARN_ENUM_CONVERSION = YES;
				CLANG_WARN_INFINITE_RECURSION = YES;
				CLANG_WARN_INT_CONVERSION = YES;
				CLANG_WARN_NON_LITERAL_NULL_CONVERSION = YES;
				CLANG_WARN_OBJC_IMPLICIT_RETAIN_SELF = YES;
				CLANG_WARN_OBJC_LITERAL_CONVERSION = YES;
				CLANG_WARN_OBJC_ROOT_CLASS = YES_ERROR;
				CLANG_WARN_RANGE_LOOP_ANALYSIS = YES;
				CLANG_WARN_STRICT_PROTOTYPES = YES;
				CLANG_WARN_SUSPICIOUS_MOVE = YES;
				CLANG_WARN_UNGUARDED_AVAILABILITY = YES_AGGRESSIVE;
				CLANG_WARN_UNREACHABLE_CODE = YES;
				CLANG_WARN__DUPLICATE_METHOD_MATCH = YES;
				COPY_PHASE_STRIP = NO;
				DEBUG_INFORMATION_FORMAT = "dwarf-with-dsym";
				ENABLE_NS_ASSERTIONS = NO;
				ENABLE_STRICT_OBJC_MSGSEND = YES;
				GCC_C_LANGUAGE_STANDARD = gnu11;
				GCC_NO_COMMON_BLOCKS = YES;
				GCC_WARN_64_TO_32_BIT_CONVERSION = YES;
				GCC_WARN_ABOUT_RETURN_TYPE = YES_ERROR;
				GCC_WARN_UNDECLARED_SELECTOR = YES;
				GCC_WARN_UNINITIALIZED_AUTOS = YES_AGGRESSIVE;
				GCC_WARN_UNUSED_FUNCTION = YES;
				GCC_WARN_UNUSED_VARIABLE = YES;
				IPHONEOS_DEPLOYMENT_TARGET = 13.4;
				MTL_ENABLE_DEBUG_INFO = NO;
				MTL_FAST_MATH = YES;
				SDKROOT = iphoneos;
				SWIFT_COMPILATION_MODE = wholemodule;
				SWIFT_OPTIMIZATION_LEVEL = "-O";
				VALIDATE_PRODUCT = YES;
			};
			name = Release;
		};
		1FFCABD824752B76008A1E7B /* Debug */ = {
			isa = XCBuildConfiguration;
			baseConfigurationReference = 50C880693D413F84B57D4855 /* Pods-iChat.debug.xcconfig */;
			buildSettings = {
				ASSETCATALOG_COMPILER_APPICON_NAME = AppIcon;
				CODE_SIGN_STYLE = Automatic;
				DEVELOPMENT_TEAM = P4RLTSR7RF;
				INFOPLIST_FILE = "$(SRCROOT)/iChat/Supporting Files/Info.plist";
				IPHONEOS_DEPLOYMENT_TARGET = 13.3;
				LD_RUNPATH_SEARCH_PATHS = (
					"$(inherited)",
					"@executable_path/Frameworks",
				);
				PRODUCT_BUNDLE_IDENTIFIER = Tsvetkov.Alexander.iChat;
				PRODUCT_NAME = "$(TARGET_NAME)";
				SWIFT_VERSION = 5.0;
				TARGETED_DEVICE_FAMILY = "1,2";
			};
			name = Debug;
		};
		1FFCABD924752B76008A1E7B /* Release */ = {
			isa = XCBuildConfiguration;
			baseConfigurationReference = D1EEF2704DDE38FA3678358D /* Pods-iChat.release.xcconfig */;
			buildSettings = {
				ASSETCATALOG_COMPILER_APPICON_NAME = AppIcon;
				CODE_SIGN_STYLE = Automatic;
				DEVELOPMENT_TEAM = P4RLTSR7RF;
				INFOPLIST_FILE = "$(SRCROOT)/iChat/Supporting Files/Info.plist";
				IPHONEOS_DEPLOYMENT_TARGET = 13.3;
				LD_RUNPATH_SEARCH_PATHS = (
					"$(inherited)",
					"@executable_path/Frameworks",
				);
				PRODUCT_BUNDLE_IDENTIFIER = Tsvetkov.Alexander.iChat;
				PRODUCT_NAME = "$(TARGET_NAME)";
				SWIFT_VERSION = 5.0;
				TARGETED_DEVICE_FAMILY = "1,2";
			};
			name = Release;
		};
/* End XCBuildConfiguration section */

/* Begin XCConfigurationList section */
		1FFCABBE24752B74008A1E7B /* Build configuration list for PBXProject "iChat" */ = {
			isa = XCConfigurationList;
			buildConfigurations = (
				1FFCABD524752B76008A1E7B /* Debug */,
				1FFCABD624752B76008A1E7B /* Release */,
			);
			defaultConfigurationIsVisible = 0;
			defaultConfigurationName = Release;
		};
		1FFCABD724752B76008A1E7B /* Build configuration list for PBXNativeTarget "iChat" */ = {
			isa = XCConfigurationList;
			buildConfigurations = (
				1FFCABD824752B76008A1E7B /* Debug */,
				1FFCABD924752B76008A1E7B /* Release */,
			);
			defaultConfigurationIsVisible = 0;
			defaultConfigurationName = Release;
		};
/* End XCConfigurationList section */
	};
	rootObject = 1FFCABBB24752B74008A1E7B /* Project object */;
}
