// !$*UTF8*$!
{
	archiveVersion = 1;
	classes = {
	};
	objectVersion = 50;
	objects = {

/* Begin PBXBuildFile section */
		1F2B3BBC24755EF500632ECD /* LabeledButton.swift in Sources */ = {isa = PBXBuildFile; fileRef = 1F2B3BBB24755EF500632ECD /* LabeledButton.swift */; };
		1F2B3BBE2475647D00632ECD /* UIStackView + Initializer.swift in Sources */ = {isa = PBXBuildFile; fileRef = 1F2B3BBD2475647D00632ECD /* UIStackView + Initializer.swift */; };
		1F2B3BC02475688200632ECD /* SignUpViewController.swift in Sources */ = {isa = PBXBuildFile; fileRef = 1F2B3BBF2475688200632ECD /* SignUpViewController.swift */; };
		1F2B3BC224756F2200632ECD /* OneLineTextField.swift in Sources */ = {isa = PBXBuildFile; fileRef = 1F2B3BC124756F2200632ECD /* OneLineTextField.swift */; };
		1F2B3BC42475866000632ECD /* LoginViewController.swift in Sources */ = {isa = PBXBuildFile; fileRef = 1F2B3BC32475866000632ECD /* LoginViewController.swift */; };
		1F2B3BC62475A94F00632ECD /* SetupProfileViewController.swift in Sources */ = {isa = PBXBuildFile; fileRef = 1F2B3BC52475A94F00632ECD /* SetupProfileViewController.swift */; };
		1F2B3BC82475AB5D00632ECD /* AddPhotoView.swift in Sources */ = {isa = PBXBuildFile; fileRef = 1F2B3BC72475AB5D00632ECD /* AddPhotoView.swift */; };
		1F632FEB2476B77B00C53929 /* UISegmentedControl + Initializer.swift in Sources */ = {isa = PBXBuildFile; fileRef = 1F632FEA2476B77B00C53929 /* UISegmentedControl + Initializer.swift */; };
		1FFCABC724752B74008A1E7B /* AppDelegate.swift in Sources */ = {isa = PBXBuildFile; fileRef = 1FFCABC624752B74008A1E7B /* AppDelegate.swift */; };
		1FFCABC924752B74008A1E7B /* SceneDelegate.swift in Sources */ = {isa = PBXBuildFile; fileRef = 1FFCABC824752B74008A1E7B /* SceneDelegate.swift */; };
		1FFCABCB24752B74008A1E7B /* AuthViewController.swift in Sources */ = {isa = PBXBuildFile; fileRef = 1FFCABCA24752B74008A1E7B /* AuthViewController.swift */; };
		1FFCABD024752B76008A1E7B /* Assets.xcassets in Resources */ = {isa = PBXBuildFile; fileRef = 1FFCABCF24752B76008A1E7B /* Assets.xcassets */; };
		1FFCABD324752B76008A1E7B /* LaunchScreen.storyboard in Resources */ = {isa = PBXBuildFile; fileRef = 1FFCABD124752B76008A1E7B /* LaunchScreen.storyboard */; };
		1FFCABE124754C9B008A1E7B /* UILabel + Initializer.swift in Sources */ = {isa = PBXBuildFile; fileRef = 1FFCABDC24754C9B008A1E7B /* UILabel + Initializer.swift */; };
		1FFCABE224754C9B008A1E7B /* UIButton + Initializer.swift in Sources */ = {isa = PBXBuildFile; fileRef = 1FFCABDD24754C9B008A1E7B /* UIButton + Initializer.swift */; };
		1FFCABE324754C9B008A1E7B /* UIColor + Extension.swift in Sources */ = {isa = PBXBuildFile; fileRef = 1FFCABDE24754C9B008A1E7B /* UIColor + Extension.swift */; };
		1FFCABE424754C9B008A1E7B /* UIFont + Avenir.swift in Sources */ = {isa = PBXBuildFile; fileRef = 1FFCABDF24754C9B008A1E7B /* UIFont + Avenir.swift */; };
		1FFCABE524754C9B008A1E7B /* UIImageView + Initializer.swift in Sources */ = {isa = PBXBuildFile; fileRef = 1FFCABE024754C9B008A1E7B /* UIImageView + Initializer.swift */; };
		1FFCABE924755A2E008A1E7B /* UIColor + HexValue.swift in Sources */ = {isa = PBXBuildFile; fileRef = 1FFCABE824755A2E008A1E7B /* UIColor + HexValue.swift */; };
/* End PBXBuildFile section */

/* Begin PBXFileReference section */
		1F2B3BBB24755EF500632ECD /* LabeledButton.swift */ = {isa = PBXFileReference; lastKnownFileType = sourcecode.swift; path = LabeledButton.swift; sourceTree = "<group>"; };
		1F2B3BBD2475647D00632ECD /* UIStackView + Initializer.swift */ = {isa = PBXFileReference; lastKnownFileType = sourcecode.swift; path = "UIStackView + Initializer.swift"; sourceTree = "<group>"; };
		1F2B3BBF2475688200632ECD /* SignUpViewController.swift */ = {isa = PBXFileReference; lastKnownFileType = sourcecode.swift; path = SignUpViewController.swift; sourceTree = "<group>"; };
		1F2B3BC124756F2200632ECD /* OneLineTextField.swift */ = {isa = PBXFileReference; lastKnownFileType = sourcecode.swift; path = OneLineTextField.swift; sourceTree = "<group>"; };
		1F2B3BC32475866000632ECD /* LoginViewController.swift */ = {isa = PBXFileReference; lastKnownFileType = sourcecode.swift; path = LoginViewController.swift; sourceTree = "<group>"; };
		1F2B3BC52475A94F00632ECD /* SetupProfileViewController.swift */ = {isa = PBXFileReference; lastKnownFileType = sourcecode.swift; path = SetupProfileViewController.swift; sourceTree = "<group>"; };
		1F2B3BC72475AB5D00632ECD /* AddPhotoView.swift */ = {isa = PBXFileReference; lastKnownFileType = sourcecode.swift; path = AddPhotoView.swift; sourceTree = "<group>"; };
		1F632FEA2476B77B00C53929 /* UISegmentedControl + Initializer.swift */ = {isa = PBXFileReference; lastKnownFileType = sourcecode.swift; path = "UISegmentedControl + Initializer.swift"; sourceTree = "<group>"; };
		1FFCABC324752B74008A1E7B /* iChat.app */ = {isa = PBXFileReference; explicitFileType = wrapper.application; includeInIndex = 0; path = iChat.app; sourceTree = BUILT_PRODUCTS_DIR; };
		1FFCABC624752B74008A1E7B /* AppDelegate.swift */ = {isa = PBXFileReference; lastKnownFileType = sourcecode.swift; path = AppDelegate.swift; sourceTree = "<group>"; };
		1FFCABC824752B74008A1E7B /* SceneDelegate.swift */ = {isa = PBXFileReference; lastKnownFileType = sourcecode.swift; path = SceneDelegate.swift; sourceTree = "<group>"; };
		1FFCABCA24752B74008A1E7B /* AuthViewController.swift */ = {isa = PBXFileReference; lastKnownFileType = sourcecode.swift; path = AuthViewController.swift; sourceTree = "<group>"; };
		1FFCABCF24752B76008A1E7B /* Assets.xcassets */ = {isa = PBXFileReference; lastKnownFileType = folder.assetcatalog; path = Assets.xcassets; sourceTree = "<group>"; };
		1FFCABD224752B76008A1E7B /* Base */ = {isa = PBXFileReference; lastKnownFileType = file.storyboard; name = Base; path = Base.lproj/LaunchScreen.storyboard; sourceTree = "<group>"; };
		1FFCABD424752B76008A1E7B /* Info.plist */ = {isa = PBXFileReference; lastKnownFileType = text.plist.xml; path = Info.plist; sourceTree = "<group>"; };
		1FFCABDC24754C9B008A1E7B /* UILabel + Initializer.swift */ = {isa = PBXFileReference; fileEncoding = 4; lastKnownFileType = sourcecode.swift; path = "UILabel + Initializer.swift"; sourceTree = "<group>"; };
		1FFCABDD24754C9B008A1E7B /* UIButton + Initializer.swift */ = {isa = PBXFileReference; fileEncoding = 4; lastKnownFileType = sourcecode.swift; path = "UIButton + Initializer.swift"; sourceTree = "<group>"; };
		1FFCABDE24754C9B008A1E7B /* UIColor + Extension.swift */ = {isa = PBXFileReference; fileEncoding = 4; lastKnownFileType = sourcecode.swift; path = "UIColor + Extension.swift"; sourceTree = "<group>"; };
		1FFCABDF24754C9B008A1E7B /* UIFont + Avenir.swift */ = {isa = PBXFileReference; fileEncoding = 4; lastKnownFileType = sourcecode.swift; path = "UIFont + Avenir.swift"; sourceTree = "<group>"; };
		1FFCABE024754C9B008A1E7B /* UIImageView + Initializer.swift */ = {isa = PBXFileReference; fileEncoding = 4; lastKnownFileType = sourcecode.swift; path = "UIImageView + Initializer.swift"; sourceTree = "<group>"; };
		1FFCABE824755A2E008A1E7B /* UIColor + HexValue.swift */ = {isa = PBXFileReference; fileEncoding = 4; lastKnownFileType = sourcecode.swift; path = "UIColor + HexValue.swift"; sourceTree = "<group>"; };
/* End PBXFileReference section */

/* Begin PBXFrameworksBuildPhase section */
		1FFCABC024752B74008A1E7B /* Frameworks */ = {
			isa = PBXFrameworksBuildPhase;
			buildActionMask = 2147483647;
			files = (
			);
			runOnlyForDeploymentPostprocessing = 0;
		};
/* End PBXFrameworksBuildPhase section */

/* Begin PBXGroup section */
		1FFCABBA24752B74008A1E7B = {
			isa = PBXGroup;
			children = (
				1FFCABC524752B74008A1E7B /* iChat */,
				1FFCABC424752B74008A1E7B /* Products */,
			);
			sourceTree = "<group>";
		};
		1FFCABC424752B74008A1E7B /* Products */ = {
			isa = PBXGroup;
			children = (
				1FFCABC324752B74008A1E7B /* iChat.app */,
			);
			name = Products;
			sourceTree = "<group>";
		};
		1FFCABC524752B74008A1E7B /* iChat */ = {
			isa = PBXGroup;
			children = (
				1FFCABC624752B74008A1E7B /* AppDelegate.swift */,
				1FFCABC824752B74008A1E7B /* SceneDelegate.swift */,
				1FFCABCA24752B74008A1E7B /* AuthViewController.swift */,
				1F2B3BC52475A94F00632ECD /* SetupProfileViewController.swift */,
				1F2B3BC32475866000632ECD /* LoginViewController.swift */,
				1F2B3BBF2475688200632ECD /* SignUpViewController.swift */,
				1F2B3BC72475AB5D00632ECD /* AddPhotoView.swift */,
				1F2B3BBB24755EF500632ECD /* LabeledButton.swift */,
				1F2B3BC124756F2200632ECD /* OneLineTextField.swift */,
				1FFCABCF24752B76008A1E7B /* Assets.xcassets */,
				1FFCABD124752B76008A1E7B /* LaunchScreen.storyboard */,
				1FFCABD424752B76008A1E7B /* Info.plist */,
				1FFCABE72475598A008A1E7B /* Extensions */,
			);
			path = iChat;
			sourceTree = "<group>";
		};
		1FFCABE62475597E008A1E7B /* UIKit */ = {
			isa = PBXGroup;
			children = (
				1FFCABDC24754C9B008A1E7B /* UILabel + Initializer.swift */,
				1FFCABDD24754C9B008A1E7B /* UIButton + Initializer.swift */,
				1FFCABE824755A2E008A1E7B /* UIColor + HexValue.swift */,
				1FFCABDE24754C9B008A1E7B /* UIColor + Extension.swift */,
				1FFCABDF24754C9B008A1E7B /* UIFont + Avenir.swift */,
				1FFCABE024754C9B008A1E7B /* UIImageView + Initializer.swift */,
				1F2B3BBD2475647D00632ECD /* UIStackView + Initializer.swift */,
				1F632FEA2476B77B00C53929 /* UISegmentedControl + Initializer.swift */,
			);
			path = UIKit;
			sourceTree = "<group>";
		};
		1FFCABE72475598A008A1E7B /* Extensions */ = {
			isa = PBXGroup;
			children = (
				1FFCABE62475597E008A1E7B /* UIKit */,
			);
			path = Extensions;
			sourceTree = "<group>";
		};
/* End PBXGroup section */

/* Begin PBXNativeTarget section */
		1FFCABC224752B74008A1E7B /* iChat */ = {
			isa = PBXNativeTarget;
			buildConfigurationList = 1FFCABD724752B76008A1E7B /* Build configuration list for PBXNativeTarget "iChat" */;
			buildPhases = (
				1FFCABBF24752B74008A1E7B /* Sources */,
				1FFCABC024752B74008A1E7B /* Frameworks */,
				1FFCABC124752B74008A1E7B /* Resources */,
			);
			buildRules = (
			);
			dependencies = (
			);
			name = iChat;
			productName = iChat;
			productReference = 1FFCABC324752B74008A1E7B /* iChat.app */;
			productType = "com.apple.product-type.application";
		};
/* End PBXNativeTarget section */

/* Begin PBXProject section */
		1FFCABBB24752B74008A1E7B /* Project object */ = {
			isa = PBXProject;
			attributes = {
				LastSwiftUpdateCheck = 1140;
				LastUpgradeCheck = 1140;
				ORGANIZATIONNAME = "Александр Цветков";
				TargetAttributes = {
					1FFCABC224752B74008A1E7B = {
						CreatedOnToolsVersion = 11.4.1;
					};
				};
			};
			buildConfigurationList = 1FFCABBE24752B74008A1E7B /* Build configuration list for PBXProject "iChat" */;
			compatibilityVersion = "Xcode 9.3";
			developmentRegion = en;
			hasScannedForEncodings = 0;
			knownRegions = (
				en,
				Base,
			);
			mainGroup = 1FFCABBA24752B74008A1E7B;
			productRefGroup = 1FFCABC424752B74008A1E7B /* Products */;
			projectDirPath = "";
			projectRoot = "";
			targets = (
				1FFCABC224752B74008A1E7B /* iChat */,
			);
		};
/* End PBXProject section */

/* Begin PBXResourcesBuildPhase section */
		1FFCABC124752B74008A1E7B /* Resources */ = {
			isa = PBXResourcesBuildPhase;
			buildActionMask = 2147483647;
			files = (
				1FFCABD324752B76008A1E7B /* LaunchScreen.storyboard in Resources */,
				1FFCABD024752B76008A1E7B /* Assets.xcassets in Resources */,
			);
			runOnlyForDeploymentPostprocessing = 0;
		};
/* End PBXResourcesBuildPhase section */

/* Begin PBXSourcesBuildPhase section */
		1FFCABBF24752B74008A1E7B /* Sources */ = {
			isa = PBXSourcesBuildPhase;
			buildActionMask = 2147483647;
			files = (
				1F2B3BC42475866000632ECD /* LoginViewController.swift in Sources */,
				1FFCABE224754C9B008A1E7B /* UIButton + Initializer.swift in Sources */,
				1FFCABCB24752B74008A1E7B /* AuthViewController.swift in Sources */,
				1F2B3BC62475A94F00632ECD /* SetupProfileViewController.swift in Sources */,
				1FFCABC724752B74008A1E7B /* AppDelegate.swift in Sources */,
				1F2B3BBE2475647D00632ECD /* UIStackView + Initializer.swift in Sources */,
				1F2B3BBC24755EF500632ECD /* LabeledButton.swift in Sources */,
				1FFCABE324754C9B008A1E7B /* UIColor + Extension.swift in Sources */,
				1F2B3BC02475688200632ECD /* SignUpViewController.swift in Sources */,
				1F632FEB2476B77B00C53929 /* UISegmentedControl + Initializer.swift in Sources */,
				1FFCABE524754C9B008A1E7B /* UIImageView + Initializer.swift in Sources */,
				1FFCABE124754C9B008A1E7B /* UILabel + Initializer.swift in Sources */,
				1FFCABE424754C9B008A1E7B /* UIFont + Avenir.swift in Sources */,
				1FFCABE924755A2E008A1E7B /* UIColor + HexValue.swift in Sources */,
				1F2B3BC224756F2200632ECD /* OneLineTextField.swift in Sources */,
				1FFCABC924752B74008A1E7B /* SceneDelegate.swift in Sources */,
				1F2B3BC82475AB5D00632ECD /* AddPhotoView.swift in Sources */,
			);
			runOnlyForDeploymentPostprocessing = 0;
		};
/* End PBXSourcesBuildPhase section */

/* Begin PBXVariantGroup section */
		1FFCABD124752B76008A1E7B /* LaunchScreen.storyboard */ = {
			isa = PBXVariantGroup;
			children = (
				1FFCABD224752B76008A1E7B /* Base */,
			);
			name = LaunchScreen.storyboard;
			sourceTree = "<group>";
		};
/* End PBXVariantGroup section */

/* Begin XCBuildConfiguration section */
		1FFCABD524752B76008A1E7B /* Debug */ = {
			isa = XCBuildConfiguration;
			buildSettings = {
				ALWAYS_SEARCH_USER_PATHS = NO;
				CLANG_ANALYZER_NONNULL = YES;
				CLANG_ANALYZER_NUMBER_OBJECT_CONVERSION = YES_AGGRESSIVE;
				CLANG_CXX_LANGUAGE_STANDARD = "gnu++14";
				CLANG_CXX_LIBRARY = "libc++";
				CLANG_ENABLE_MODULES = YES;
				CLANG_ENABLE_OBJC_ARC = YES;
				CLANG_ENABLE_OBJC_WEAK = YES;
				CLANG_WARN_BLOCK_CAPTURE_AUTORELEASING = YES;
				CLANG_WARN_BOOL_CONVERSION = YES;
				CLANG_WARN_COMMA = YES;
				CLANG_WARN_CONSTANT_CONVERSION = YES;
				CLANG_WARN_DEPRECATED_OBJC_IMPLEMENTATIONS = YES;
				CLANG_WARN_DIRECT_OBJC_ISA_USAGE = YES_ERROR;
				CLANG_WARN_DOCUMENTATION_COMMENTS = YES;
				CLANG_WARN_EMPTY_BODY = YES;
				CLANG_WARN_ENUM_CONVERSION = YES;
				CLANG_WARN_INFINITE_RECURSION = YES;
				CLANG_WARN_INT_CONVERSION = YES;
				CLANG_WARN_NON_LITERAL_NULL_CONVERSION = YES;
				CLANG_WARN_OBJC_IMPLICIT_RETAIN_SELF = YES;
				CLANG_WARN_OBJC_LITERAL_CONVERSION = YES;
				CLANG_WARN_OBJC_ROOT_CLASS = YES_ERROR;
				CLANG_WARN_RANGE_LOOP_ANALYSIS = YES;
				CLANG_WARN_STRICT_PROTOTYPES = YES;
				CLANG_WARN_SUSPICIOUS_MOVE = YES;
				CLANG_WARN_UNGUARDED_AVAILABILITY = YES_AGGRESSIVE;
				CLANG_WARN_UNREACHABLE_CODE = YES;
				CLANG_WARN__DUPLICATE_METHOD_MATCH = YES;
				COPY_PHASE_STRIP = NO;
				DEBUG_INFORMATION_FORMAT = dwarf;
				ENABLE_STRICT_OBJC_MSGSEND = YES;
				ENABLE_TESTABILITY = YES;
				GCC_C_LANGUAGE_STANDARD = gnu11;
				GCC_DYNAMIC_NO_PIC = NO;
				GCC_NO_COMMON_BLOCKS = YES;
				GCC_OPTIMIZATION_LEVEL = 0;
				GCC_PREPROCESSOR_DEFINITIONS = (
					"DEBUG=1",
					"$(inherited)",
				);
				GCC_WARN_64_TO_32_BIT_CONVERSION = YES;
				GCC_WARN_ABOUT_RETURN_TYPE = YES_ERROR;
				GCC_WARN_UNDECLARED_SELECTOR = YES;
				GCC_WARN_UNINITIALIZED_AUTOS = YES_AGGRESSIVE;
				GCC_WARN_UNUSED_FUNCTION = YES;
				GCC_WARN_UNUSED_VARIABLE = YES;
				IPHONEOS_DEPLOYMENT_TARGET = 13.4;
				MTL_ENABLE_DEBUG_INFO = INCLUDE_SOURCE;
				MTL_FAST_MATH = YES;
				ONLY_ACTIVE_ARCH = YES;
				SDKROOT = iphoneos;
				SWIFT_ACTIVE_COMPILATION_CONDITIONS = DEBUG;
				SWIFT_OPTIMIZATION_LEVEL = "-Onone";
			};
			name = Debug;
		};
		1FFCABD624752B76008A1E7B /* Release */ = {
			isa = XCBuildConfiguration;
			buildSettings = {
				ALWAYS_SEARCH_USER_PATHS = NO;
				CLANG_ANALYZER_NONNULL = YES;
				CLANG_ANALYZER_NUMBER_OBJECT_CONVERSION = YES_AGGRESSIVE;
				CLANG_CXX_LANGUAGE_STANDARD = "gnu++14";
				CLANG_CXX_LIBRARY = "libc++";
				CLANG_ENABLE_MODULES = YES;
				CLANG_ENABLE_OBJC_ARC = YES;
				CLANG_ENABLE_OBJC_WEAK = YES;
				CLANG_WARN_BLOCK_CAPTURE_AUTORELEASING = YES;
				CLANG_WARN_BOOL_CONVERSION = YES;
				CLANG_WARN_COMMA = YES;
				CLANG_WARN_CONSTANT_CONVERSION = YES;
				CLANG_WARN_DEPRECATED_OBJC_IMPLEMENTATIONS = YES;
				CLANG_WARN_DIRECT_OBJC_ISA_USAGE = YES_ERROR;
				CLANG_WARN_DOCUMENTATION_COMMENTS = YES;
				CLANG_WARN_EMPTY_BODY = YES;
				CLANG_WARN_ENUM_CONVERSION = YES;
				CLANG_WARN_INFINITE_RECURSION = YES;
				CLANG_WARN_INT_CONVERSION = YES;
				CLANG_WARN_NON_LITERAL_NULL_CONVERSION = YES;
				CLANG_WARN_OBJC_IMPLICIT_RETAIN_SELF = YES;
				CLANG_WARN_OBJC_LITERAL_CONVERSION = YES;
				CLANG_WARN_OBJC_ROOT_CLASS = YES_ERROR;
				CLANG_WARN_RANGE_LOOP_ANALYSIS = YES;
				CLANG_WARN_STRICT_PROTOTYPES = YES;
				CLANG_WARN_SUSPICIOUS_MOVE = YES;
				CLANG_WARN_UNGUARDED_AVAILABILITY = YES_AGGRESSIVE;
				CLANG_WARN_UNREACHABLE_CODE = YES;
				CLANG_WARN__DUPLICATE_METHOD_MATCH = YES;
				COPY_PHASE_STRIP = NO;
				DEBUG_INFORMATION_FORMAT = "dwarf-with-dsym";
				ENABLE_NS_ASSERTIONS = NO;
				ENABLE_STRICT_OBJC_MSGSEND = YES;
				GCC_C_LANGUAGE_STANDARD = gnu11;
				GCC_NO_COMMON_BLOCKS = YES;
				GCC_WARN_64_TO_32_BIT_CONVERSION = YES;
				GCC_WARN_ABOUT_RETURN_TYPE = YES_ERROR;
				GCC_WARN_UNDECLARED_SELECTOR = YES;
				GCC_WARN_UNINITIALIZED_AUTOS = YES_AGGRESSIVE;
				GCC_WARN_UNUSED_FUNCTION = YES;
				GCC_WARN_UNUSED_VARIABLE = YES;
				IPHONEOS_DEPLOYMENT_TARGET = 13.4;
				MTL_ENABLE_DEBUG_INFO = NO;
				MTL_FAST_MATH = YES;
				SDKROOT = iphoneos;
				SWIFT_COMPILATION_MODE = wholemodule;
				SWIFT_OPTIMIZATION_LEVEL = "-O";
				VALIDATE_PRODUCT = YES;
			};
			name = Release;
		};
		1FFCABD824752B76008A1E7B /* Debug */ = {
			isa = XCBuildConfiguration;
			buildSettings = {
				ASSETCATALOG_COMPILER_APPICON_NAME = AppIcon;
				CODE_SIGN_STYLE = Automatic;
				DEVELOPMENT_TEAM = P4RLTSR7RF;
				INFOPLIST_FILE = iChat/Info.plist;
				LD_RUNPATH_SEARCH_PATHS = (
					"$(inherited)",
					"@executable_path/Frameworks",
				);
				PRODUCT_BUNDLE_IDENTIFIER = Tsvetkov.Alexander.iChat;
				PRODUCT_NAME = "$(TARGET_NAME)";
				SWIFT_VERSION = 5.0;
				TARGETED_DEVICE_FAMILY = "1,2";
			};
			name = Debug;
		};
		1FFCABD924752B76008A1E7B /* Release */ = {
			isa = XCBuildConfiguration;
			buildSettings = {
				ASSETCATALOG_COMPILER_APPICON_NAME = AppIcon;
				CODE_SIGN_STYLE = Automatic;
				DEVELOPMENT_TEAM = P4RLTSR7RF;
				INFOPLIST_FILE = iChat/Info.plist;
				LD_RUNPATH_SEARCH_PATHS = (
					"$(inherited)",
					"@executable_path/Frameworks",
				);
				PRODUCT_BUNDLE_IDENTIFIER = Tsvetkov.Alexander.iChat;
				PRODUCT_NAME = "$(TARGET_NAME)";
				SWIFT_VERSION = 5.0;
				TARGETED_DEVICE_FAMILY = "1,2";
			};
			name = Release;
		};
/* End XCBuildConfiguration section */

/* Begin XCConfigurationList section */
		1FFCABBE24752B74008A1E7B /* Build configuration list for PBXProject "iChat" */ = {
			isa = XCConfigurationList;
			buildConfigurations = (
				1FFCABD524752B76008A1E7B /* Debug */,
				1FFCABD624752B76008A1E7B /* Release */,
			);
			defaultConfigurationIsVisible = 0;
			defaultConfigurationName = Release;
		};
		1FFCABD724752B76008A1E7B /* Build configuration list for PBXNativeTarget "iChat" */ = {
			isa = XCConfigurationList;
			buildConfigurations = (
				1FFCABD824752B76008A1E7B /* Debug */,
				1FFCABD924752B76008A1E7B /* Release */,
			);
			defaultConfigurationIsVisible = 0;
			defaultConfigurationName = Release;
		};
/* End XCConfigurationList section */
	};
	rootObject = 1FFCABBB24752B74008A1E7B /* Project object */;
}
